
Microsoft Visual Studio Solution File, Format Version 12.00
# Visual Studio Version 17
VisualStudioVersion = 17.9.34728.123
MinimumVisualStudioVersion = 10.0.40219.1
Project("{9A19103F-16F7-4668-BE54-9A1E7A4F7556}") = "PrintInputAppTests", "Tests\PrintInputAppTests.csproj", "{19C305ED-42BC-46B4-B0BD-88D42CB3F335}"
EndProject
Project("{9A19103F-16F7-4668-BE54-9A1E7A4F7556}") = "PrintInputApp", "PrintInputAppilcation\PrintInputApp.csproj", "{87E8B415-03A2-4F7F-89CB-BBEB3D79873D}"
EndProject
Global
	GlobalSection(SolutionConfigurationPlatforms) = preSolution
		Debug|Any CPU = Debug|Any CPU
		Release|Any CPU = Release|Any CPU
	EndGlobalSection
	GlobalSection(ProjectConfigurationPlatforms) = postSolution
		{19C305ED-42BC-46B4-B0BD-88D42CB3F335}.Debug|Any CPU.ActiveCfg = Debug|Any CPU
		{19C305ED-42BC-46B4-B0BD-88D42CB3F335}.Debug|Any CPU.Build.0 = Debug|Any CPU
		{19C305ED-42BC-46B4-B0BD-88D42CB3F335}.Release|Any CPU.ActiveCfg = Release|Any CPU
		{19C305ED-42BC-46B4-B0BD-88D42CB3F335}.Release|Any CPU.Build.0 = Release|Any CPU
		{87E8B415-03A2-4F7F-89CB-BBEB3D79873D}.Debug|Any CPU.ActiveCfg = Debug|Any CPU
		{87E8B415-03A2-4F7F-89CB-BBEB3D79873D}.Debug|Any CPU.Build.0 = Debug|Any CPU
		{87E8B415-03A2-4F7F-89CB-BBEB3D79873D}.Release|Any CPU.ActiveCfg = Release|Any CPU
		{87E8B415-03A2-4F7F-89CB-BBEB3D79873D}.Release|Any CPU.Build.0 = Release|Any CPU
	EndGlobalSection
	GlobalSection(SolutionProperties) = preSolution
		HideSolutionNode = FALSE
	EndGlobalSection
	GlobalSection(ExtensibilityGlobals) = postSolution
		SolutionGuid = {0B751DFA-F524-4E4F-BDF4-186EF2A24A51}
	EndGlobalSection
EndGlobal
